// !$*UTF8*$!
{
	archiveVersion = 1;
	classes = {
	};
	objectVersion = 46;
	objects = {

/* Begin PBXBuildFile section */
		66AFE4391B79483200985C54 /* ActivityChart.xib in Resources */ = {isa = PBXBuildFile; fileRef = 66AFE4381B79483200985C54 /* ActivityChart.xib */; };
		66AFE43C1B79485100985C54 /* ActivityChartView.m in Sources */ = {isa = PBXBuildFile; fileRef = 66AFE43B1B79485100985C54 /* ActivityChartView.m */; };
		66CAE3D91B754B1B001306FD /* WebKit.framework in Frameworks */ = {isa = PBXBuildFile; fileRef = 66CAE3D81B754B1B001306FD /* WebKit.framework */; };
		66EE17591B729EA0008B6743 /* AppDelegate.m in Sources */ = {isa = PBXBuildFile; fileRef = 66EE17581B729EA0008B6743 /* AppDelegate.m */; };
		66EE175B1B729EA0008B6743 /* main.m in Sources */ = {isa = PBXBuildFile; fileRef = 66EE175A1B729EA0008B6743 /* main.m */; };
		66EE175D1B729EA0008B6743 /* Images.xcassets in Resources */ = {isa = PBXBuildFile; fileRef = 66EE175C1B729EA0008B6743 /* Images.xcassets */; };
		66EE17601B729EA0008B6743 /* MainMenu.xib in Resources */ = {isa = PBXBuildFile; fileRef = 66EE175E1B729EA0008B6743 /* MainMenu.xib */; };
		66EE176C1B729EA0008B6743 /* F53OSC_MonitorTests.m in Sources */ = {isa = PBXBuildFile; fileRef = 66EE176B1B729EA0008B6743 /* F53OSC_MonitorTests.m */; };
		66EE17951B729EFB008B6743 /* F53OSCBundle.m in Sources */ = {isa = PBXBuildFile; fileRef = 66EE17781B729EFB008B6743 /* F53OSCBundle.m */; };
		66EE17961B729EFB008B6743 /* F53OSCClient.m in Sources */ = {isa = PBXBuildFile; fileRef = 66EE177A1B729EFB008B6743 /* F53OSCClient.m */; };
		66EE17971B729EFB008B6743 /* F53OSCMessage.m in Sources */ = {isa = PBXBuildFile; fileRef = 66EE177D1B729EFB008B6743 /* F53OSCMessage.m */; };
		66EE17981B729EFB008B6743 /* F53OSCPacket.m in Sources */ = {isa = PBXBuildFile; fileRef = 66EE177F1B729EFB008B6743 /* F53OSCPacket.m */; };
		66EE17991B729EFB008B6743 /* F53OSCParser.m in Sources */ = {isa = PBXBuildFile; fileRef = 66EE17811B729EFB008B6743 /* F53OSCParser.m */; };
		66EE179A1B729EFB008B6743 /* F53OSCServer.m in Sources */ = {isa = PBXBuildFile; fileRef = 66EE17841B729EFB008B6743 /* F53OSCServer.m */; };
		66EE179B1B729EFB008B6743 /* F53OSCSocket.m in Sources */ = {isa = PBXBuildFile; fileRef = 66EE17861B729EFB008B6743 /* F53OSCSocket.m */; };
		66EE179C1B729EFB008B6743 /* F53OSCTimeTag.m in Sources */ = {isa = PBXBuildFile; fileRef = 66EE17881B729EFB008B6743 /* F53OSCTimeTag.m */; };
		66EE179D1B729EFB008B6743 /* GCDAsyncSocket.m in Sources */ = {isa = PBXBuildFile; fileRef = 66EE178A1B729EFB008B6743 /* GCDAsyncSocket.m */; };
		66EE179E1B729EFB008B6743 /* GCDAsyncUdpSocket.m in Sources */ = {isa = PBXBuildFile; fileRef = 66EE178C1B729EFB008B6743 /* GCDAsyncUdpSocket.m */; };
		66EE179F1B729EFB008B6743 /* NSData+F53OSCBlob.m in Sources */ = {isa = PBXBuildFile; fileRef = 66EE178E1B729EFB008B6743 /* NSData+F53OSCBlob.m */; };
		66EE17A01B729EFB008B6743 /* NSDate+F53OSCTimeTag.m in Sources */ = {isa = PBXBuildFile; fileRef = 66EE17901B729EFB008B6743 /* NSDate+F53OSCTimeTag.m */; };
		66EE17A11B729EFB008B6743 /* NSNumber+F53OSCNumber.m in Sources */ = {isa = PBXBuildFile; fileRef = 66EE17921B729EFB008B6743 /* NSNumber+F53OSCNumber.m */; };
		66EE17A21B729EFB008B6743 /* NSString+F53OSCString.m in Sources */ = {isa = PBXBuildFile; fileRef = 66EE17941B729EFB008B6743 /* NSString+F53OSCString.m */; };
		66EE17A51B72AC59008B6743 /* DemoServer.m in Sources */ = {isa = PBXBuildFile; fileRef = 66EE17A41B72AC59008B6743 /* DemoServer.m */; };
/* End PBXBuildFile section */

/* Begin PBXContainerItemProxy section */
		66EE17661B729EA0008B6743 /* PBXContainerItemProxy */ = {
			isa = PBXContainerItemProxy;
			containerPortal = 66EE174A1B729EA0008B6743 /* Project object */;
			proxyType = 1;
			remoteGlobalIDString = 66EE17511B729EA0008B6743;
			remoteInfo = "F53OSC Monitor";
		};
/* End PBXContainerItemProxy section */

/* Begin PBXFileReference section */
		66AFE4381B79483200985C54 /* ActivityChart.xib */ = {isa = PBXFileReference; fileEncoding = 4; lastKnownFileType = file.xib; path = ActivityChart.xib; sourceTree = "<group>"; };
		66AFE43A1B79485100985C54 /* ActivityChartView.h */ = {isa = PBXFileReference; fileEncoding = 4; lastKnownFileType = sourcecode.c.h; path = ActivityChartView.h; sourceTree = "<group>"; };
		66AFE43B1B79485100985C54 /* ActivityChartView.m */ = {isa = PBXFileReference; fileEncoding = 4; lastKnownFileType = sourcecode.c.objc; path = ActivityChartView.m; sourceTree = "<group>"; };
		66CAE3D81B754B1B001306FD /* WebKit.framework */ = {isa = PBXFileReference; lastKnownFileType = wrapper.framework; name = WebKit.framework; path = System/Library/Frameworks/WebKit.framework; sourceTree = SDKROOT; };
		66EE17521B729EA0008B6743 /* F53OSC Monitor.app */ = {isa = PBXFileReference; explicitFileType = wrapper.application; includeInIndex = 0; path = "F53OSC Monitor.app"; sourceTree = BUILT_PRODUCTS_DIR; };
		66EE17561B729EA0008B6743 /* Info.plist */ = {isa = PBXFileReference; lastKnownFileType = text.plist.xml; path = Info.plist; sourceTree = "<group>"; };
		66EE17571B729EA0008B6743 /* AppDelegate.h */ = {isa = PBXFileReference; lastKnownFileType = sourcecode.c.h; path = AppDelegate.h; sourceTree = "<group>"; };
		66EE17581B729EA0008B6743 /* AppDelegate.m */ = {isa = PBXFileReference; lastKnownFileType = sourcecode.c.objc; path = AppDelegate.m; sourceTree = "<group>"; };
		66EE175A1B729EA0008B6743 /* main.m */ = {isa = PBXFileReference; lastKnownFileType = sourcecode.c.objc; path = main.m; sourceTree = "<group>"; };
		66EE175C1B729EA0008B6743 /* Images.xcassets */ = {isa = PBXFileReference; lastKnownFileType = folder.assetcatalog; path = Images.xcassets; sourceTree = "<group>"; };
		66EE175F1B729EA0008B6743 /* Base */ = {isa = PBXFileReference; lastKnownFileType = file.xib; name = Base; path = Base.lproj/MainMenu.xib; sourceTree = "<group>"; };
		66EE17651B729EA0008B6743 /* F53OSC MonitorTests.xctest */ = {isa = PBXFileReference; explicitFileType = wrapper.cfbundle; includeInIndex = 0; path = "F53OSC MonitorTests.xctest"; sourceTree = BUILT_PRODUCTS_DIR; };
		66EE176A1B729EA0008B6743 /* Info.plist */ = {isa = PBXFileReference; lastKnownFileType = text.plist.xml; path = Info.plist; sourceTree = "<group>"; };
		66EE176B1B729EA0008B6743 /* F53OSC_MonitorTests.m */ = {isa = PBXFileReference; lastKnownFileType = sourcecode.c.objc; path = F53OSC_MonitorTests.m; sourceTree = "<group>"; };
		66EE17761B729EFB008B6743 /* F53OSC.h */ = {isa = PBXFileReference; fileEncoding = 4; lastKnownFileType = sourcecode.c.h; name = F53OSC.h; path = ../../F53OSC.h; sourceTree = "<group>"; };
		66EE17771B729EFB008B6743 /* F53OSCBundle.h */ = {isa = PBXFileReference; fileEncoding = 4; lastKnownFileType = sourcecode.c.h; name = F53OSCBundle.h; path = ../../F53OSCBundle.h; sourceTree = "<group>"; };
		66EE17781B729EFB008B6743 /* F53OSCBundle.m */ = {isa = PBXFileReference; fileEncoding = 4; lastKnownFileType = sourcecode.c.objc; name = F53OSCBundle.m; path = ../../F53OSCBundle.m; sourceTree = "<group>"; };
		66EE17791B729EFB008B6743 /* F53OSCClient.h */ = {isa = PBXFileReference; fileEncoding = 4; lastKnownFileType = sourcecode.c.h; name = F53OSCClient.h; path = ../../F53OSCClient.h; sourceTree = "<group>"; };
		66EE177A1B729EFB008B6743 /* F53OSCClient.m */ = {isa = PBXFileReference; fileEncoding = 4; lastKnownFileType = sourcecode.c.objc; name = F53OSCClient.m; path = ../../F53OSCClient.m; sourceTree = "<group>"; };
		66EE177B1B729EFB008B6743 /* F53OSCFoundationAdditions.h */ = {isa = PBXFileReference; fileEncoding = 4; lastKnownFileType = sourcecode.c.h; name = F53OSCFoundationAdditions.h; path = ../../F53OSCFoundationAdditions.h; sourceTree = "<group>"; };
		66EE177C1B729EFB008B6743 /* F53OSCMessage.h */ = {isa = PBXFileReference; fileEncoding = 4; lastKnownFileType = sourcecode.c.h; name = F53OSCMessage.h; path = ../../F53OSCMessage.h; sourceTree = "<group>"; };
		66EE177D1B729EFB008B6743 /* F53OSCMessage.m */ = {isa = PBXFileReference; fileEncoding = 4; lastKnownFileType = sourcecode.c.objc; name = F53OSCMessage.m; path = ../../F53OSCMessage.m; sourceTree = "<group>"; };
		66EE177E1B729EFB008B6743 /* F53OSCPacket.h */ = {isa = PBXFileReference; fileEncoding = 4; lastKnownFileType = sourcecode.c.h; name = F53OSCPacket.h; path = ../../F53OSCPacket.h; sourceTree = "<group>"; };
		66EE177F1B729EFB008B6743 /* F53OSCPacket.m */ = {isa = PBXFileReference; fileEncoding = 4; lastKnownFileType = sourcecode.c.objc; name = F53OSCPacket.m; path = ../../F53OSCPacket.m; sourceTree = "<group>"; };
		66EE17801B729EFB008B6743 /* F53OSCParser.h */ = {isa = PBXFileReference; fileEncoding = 4; lastKnownFileType = sourcecode.c.h; name = F53OSCParser.h; path = ../../F53OSCParser.h; sourceTree = "<group>"; };
		66EE17811B729EFB008B6743 /* F53OSCParser.m */ = {isa = PBXFileReference; fileEncoding = 4; lastKnownFileType = sourcecode.c.objc; name = F53OSCParser.m; path = ../../F53OSCParser.m; sourceTree = "<group>"; };
		66EE17821B729EFB008B6743 /* F53OSCProtocols.h */ = {isa = PBXFileReference; fileEncoding = 4; lastKnownFileType = sourcecode.c.h; name = F53OSCProtocols.h; path = ../../F53OSCProtocols.h; sourceTree = "<group>"; };
		66EE17831B729EFB008B6743 /* F53OSCServer.h */ = {isa = PBXFileReference; fileEncoding = 4; lastKnownFileType = sourcecode.c.h; name = F53OSCServer.h; path = ../../F53OSCServer.h; sourceTree = "<group>"; };
		66EE17841B729EFB008B6743 /* F53OSCServer.m */ = {isa = PBXFileReference; fileEncoding = 4; lastKnownFileType = sourcecode.c.objc; name = F53OSCServer.m; path = ../../F53OSCServer.m; sourceTree = "<group>"; };
		66EE17851B729EFB008B6743 /* F53OSCSocket.h */ = {isa = PBXFileReference; fileEncoding = 4; lastKnownFileType = sourcecode.c.h; name = F53OSCSocket.h; path = ../../F53OSCSocket.h; sourceTree = "<group>"; };
		66EE17861B729EFB008B6743 /* F53OSCSocket.m */ = {isa = PBXFileReference; fileEncoding = 4; lastKnownFileType = sourcecode.c.objc; name = F53OSCSocket.m; path = ../../F53OSCSocket.m; sourceTree = "<group>"; };
		66EE17871B729EFB008B6743 /* F53OSCTimeTag.h */ = {isa = PBXFileReference; fileEncoding = 4; lastKnownFileType = sourcecode.c.h; name = F53OSCTimeTag.h; path = ../../F53OSCTimeTag.h; sourceTree = "<group>"; };
		66EE17881B729EFB008B6743 /* F53OSCTimeTag.m */ = {isa = PBXFileReference; fileEncoding = 4; lastKnownFileType = sourcecode.c.objc; name = F53OSCTimeTag.m; path = ../../F53OSCTimeTag.m; sourceTree = "<group>"; };
		66EE17891B729EFB008B6743 /* GCDAsyncSocket.h */ = {isa = PBXFileReference; fileEncoding = 4; lastKnownFileType = sourcecode.c.h; name = GCDAsyncSocket.h; path = ../../GCDAsyncSocket.h; sourceTree = "<group>"; };
		66EE178A1B729EFB008B6743 /* GCDAsyncSocket.m */ = {isa = PBXFileReference; fileEncoding = 4; lastKnownFileType = sourcecode.c.objc; name = GCDAsyncSocket.m; path = ../../GCDAsyncSocket.m; sourceTree = "<group>"; };
		66EE178B1B729EFB008B6743 /* GCDAsyncUdpSocket.h */ = {isa = PBXFileReference; fileEncoding = 4; lastKnownFileType = sourcecode.c.h; name = GCDAsyncUdpSocket.h; path = ../../GCDAsyncUdpSocket.h; sourceTree = "<group>"; };
		66EE178C1B729EFB008B6743 /* GCDAsyncUdpSocket.m */ = {isa = PBXFileReference; fileEncoding = 4; lastKnownFileType = sourcecode.c.objc; name = GCDAsyncUdpSocket.m; path = ../../GCDAsyncUdpSocket.m; sourceTree = "<group>"; };
		66EE178D1B729EFB008B6743 /* NSData+F53OSCBlob.h */ = {isa = PBXFileReference; fileEncoding = 4; lastKnownFileType = sourcecode.c.h; name = "NSData+F53OSCBlob.h"; path = "../../NSData+F53OSCBlob.h"; sourceTree = "<group>"; };
		66EE178E1B729EFB008B6743 /* NSData+F53OSCBlob.m */ = {isa = PBXFileReference; fileEncoding = 4; lastKnownFileType = sourcecode.c.objc; name = "NSData+F53OSCBlob.m"; path = "../../NSData+F53OSCBlob.m"; sourceTree = "<group>"; };
		66EE178F1B729EFB008B6743 /* NSDate+F53OSCTimeTag.h */ = {isa = PBXFileReference; fileEncoding = 4; lastKnownFileType = sourcecode.c.h; name = "NSDate+F53OSCTimeTag.h"; path = "../../NSDate+F53OSCTimeTag.h"; sourceTree = "<group>"; };
		66EE17901B729EFB008B6743 /* NSDate+F53OSCTimeTag.m */ = {isa = PBXFileReference; fileEncoding = 4; lastKnownFileType = sourcecode.c.objc; name = "NSDate+F53OSCTimeTag.m"; path = "../../NSDate+F53OSCTimeTag.m"; sourceTree = "<group>"; };
		66EE17911B729EFB008B6743 /* NSNumber+F53OSCNumber.h */ = {isa = PBXFileReference; fileEncoding = 4; lastKnownFileType = sourcecode.c.h; name = "NSNumber+F53OSCNumber.h"; path = "../../NSNumber+F53OSCNumber.h"; sourceTree = "<group>"; };
		66EE17921B729EFB008B6743 /* NSNumber+F53OSCNumber.m */ = {isa = PBXFileReference; fileEncoding = 4; lastKnownFileType = sourcecode.c.objc; name = "NSNumber+F53OSCNumber.m"; path = "../../NSNumber+F53OSCNumber.m"; sourceTree = "<group>"; };
		66EE17931B729EFB008B6743 /* NSString+F53OSCString.h */ = {isa = PBXFileReference; fileEncoding = 4; lastKnownFileType = sourcecode.c.h; name = "NSString+F53OSCString.h"; path = "../../NSString+F53OSCString.h"; sourceTree = "<group>"; };
		66EE17941B729EFB008B6743 /* NSString+F53OSCString.m */ = {isa = PBXFileReference; fileEncoding = 4; lastKnownFileType = sourcecode.c.objc; name = "NSString+F53OSCString.m"; path = "../../NSString+F53OSCString.m"; sourceTree = "<group>"; };
		66EE17A31B72AC59008B6743 /* DemoServer.h */ = {isa = PBXFileReference; fileEncoding = 4; lastKnownFileType = sourcecode.c.h; path = DemoServer.h; sourceTree = "<group>"; };
		66EE17A41B72AC59008B6743 /* DemoServer.m */ = {isa = PBXFileReference; fileEncoding = 4; lastKnownFileType = sourcecode.c.objc; path = DemoServer.m; sourceTree = "<group>"; };
/* End PBXFileReference section */

/* Begin PBXFrameworksBuildPhase section */
		66EE174F1B729EA0008B6743 /* Frameworks */ = {
			isa = PBXFrameworksBuildPhase;
			buildActionMask = 2147483647;
			files = (
				66CAE3D91B754B1B001306FD /* WebKit.framework in Frameworks */,
			);
			runOnlyForDeploymentPostprocessing = 0;
		};
		66EE17621B729EA0008B6743 /* Frameworks */ = {
			isa = PBXFrameworksBuildPhase;
			buildActionMask = 2147483647;
			files = (
			);
			runOnlyForDeploymentPostprocessing = 0;
		};
/* End PBXFrameworksBuildPhase section */

/* Begin PBXGroup section */
		66CAE3D71B754AA3001306FD /* Resources */ = {
			isa = PBXGroup;
			children = (
				66EE175C1B729EA0008B6743 /* Images.xcassets */,
				66AFE4381B79483200985C54 /* ActivityChart.xib */,
				66EE175E1B729EA0008B6743 /* MainMenu.xib */,
			);
			name = Resources;
			sourceTree = "<group>";
		};
		66EE17491B729EA0008B6743 = {
			isa = PBXGroup;
			children = (
				66EE17541B729EA0008B6743 /* F53OSC Monitor */,
				66EE17681B729EA0008B6743 /* F53OSC MonitorTests */,
				66EE17531B729EA0008B6743 /* Products */,
				66CAE3D81B754B1B001306FD /* WebKit.framework */,
			);
			sourceTree = "<group>";
		};
		66EE17531B729EA0008B6743 /* Products */ = {
			isa = PBXGroup;
			children = (
				66EE17521B729EA0008B6743 /* F53OSC Monitor.app */,
				66EE17651B729EA0008B6743 /* F53OSC MonitorTests.xctest */,
			);
			name = Products;
			sourceTree = "<group>";
		};
		66EE17541B729EA0008B6743 /* F53OSC Monitor */ = {
			isa = PBXGroup;
			children = (
				66EE17571B729EA0008B6743 /* AppDelegate.h */,
				66EE17581B729EA0008B6743 /* AppDelegate.m */,
				66EE17A31B72AC59008B6743 /* DemoServer.h */,
				66EE17A41B72AC59008B6743 /* DemoServer.m */,
				66AFE43A1B79485100985C54 /* ActivityChartView.h */,
				66AFE43B1B79485100985C54 /* ActivityChartView.m */,
				66EE17751B729EAA008B6743 /* F53OSC */,
				66CAE3D71B754AA3001306FD /* Resources */,
				66EE17551B729EA0008B6743 /* Supporting Files */,
			);
			path = "F53OSC Monitor";
			sourceTree = "<group>";
		};
		66EE17551B729EA0008B6743 /* Supporting Files */ = {
			isa = PBXGroup;
			children = (
				66EE17561B729EA0008B6743 /* Info.plist */,
				66EE175A1B729EA0008B6743 /* main.m */,
			);
			name = "Supporting Files";
			sourceTree = "<group>";
		};
		66EE17681B729EA0008B6743 /* F53OSC MonitorTests */ = {
			isa = PBXGroup;
			children = (
				66EE176B1B729EA0008B6743 /* F53OSC_MonitorTests.m */,
				66EE17691B729EA0008B6743 /* Supporting Files */,
			);
			path = "F53OSC MonitorTests";
			sourceTree = "<group>";
		};
		66EE17691B729EA0008B6743 /* Supporting Files */ = {
			isa = PBXGroup;
			children = (
				66EE176A1B729EA0008B6743 /* Info.plist */,
			);
			name = "Supporting Files";
			sourceTree = "<group>";
		};
		66EE17751B729EAA008B6743 /* F53OSC */ = {
			isa = PBXGroup;
			children = (
				66EE17761B729EFB008B6743 /* F53OSC.h */,
				66EE17771B729EFB008B6743 /* F53OSCBundle.h */,
				66EE17781B729EFB008B6743 /* F53OSCBundle.m */,
				66EE17791B729EFB008B6743 /* F53OSCClient.h */,
				66EE177A1B729EFB008B6743 /* F53OSCClient.m */,
				66EE177B1B729EFB008B6743 /* F53OSCFoundationAdditions.h */,
				66EE177C1B729EFB008B6743 /* F53OSCMessage.h */,
				66EE177D1B729EFB008B6743 /* F53OSCMessage.m */,
				66EE177E1B729EFB008B6743 /* F53OSCPacket.h */,
				66EE177F1B729EFB008B6743 /* F53OSCPacket.m */,
				66EE17801B729EFB008B6743 /* F53OSCParser.h */,
				66EE17811B729EFB008B6743 /* F53OSCParser.m */,
				66EE17821B729EFB008B6743 /* F53OSCProtocols.h */,
				66EE17831B729EFB008B6743 /* F53OSCServer.h */,
				66EE17841B729EFB008B6743 /* F53OSCServer.m */,
				66EE17851B729EFB008B6743 /* F53OSCSocket.h */,
				66EE17861B729EFB008B6743 /* F53OSCSocket.m */,
				66EE17871B729EFB008B6743 /* F53OSCTimeTag.h */,
				66EE17881B729EFB008B6743 /* F53OSCTimeTag.m */,
				66EE17891B729EFB008B6743 /* GCDAsyncSocket.h */,
				66EE178A1B729EFB008B6743 /* GCDAsyncSocket.m */,
				66EE178B1B729EFB008B6743 /* GCDAsyncUdpSocket.h */,
				66EE178C1B729EFB008B6743 /* GCDAsyncUdpSocket.m */,
				66EE178D1B729EFB008B6743 /* NSData+F53OSCBlob.h */,
				66EE178E1B729EFB008B6743 /* NSData+F53OSCBlob.m */,
				66EE178F1B729EFB008B6743 /* NSDate+F53OSCTimeTag.h */,
				66EE17901B729EFB008B6743 /* NSDate+F53OSCTimeTag.m */,
				66EE17911B729EFB008B6743 /* NSNumber+F53OSCNumber.h */,
				66EE17921B729EFB008B6743 /* NSNumber+F53OSCNumber.m */,
				66EE17931B729EFB008B6743 /* NSString+F53OSCString.h */,
				66EE17941B729EFB008B6743 /* NSString+F53OSCString.m */,
			);
			name = F53OSC;
			sourceTree = "<group>";
		};
/* End PBXGroup section */

/* Begin PBXNativeTarget section */
		66EE17511B729EA0008B6743 /* F53OSC Monitor */ = {
			isa = PBXNativeTarget;
			buildConfigurationList = 66EE176F1B729EA0008B6743 /* Build configuration list for PBXNativeTarget "F53OSC Monitor" */;
			buildPhases = (
				66EE174E1B729EA0008B6743 /* Sources */,
				66EE174F1B729EA0008B6743 /* Frameworks */,
				66EE17501B729EA0008B6743 /* Resources */,
			);
			buildRules = (
			);
			dependencies = (
			);
			name = "F53OSC Monitor";
			productName = "F53OSC Monitor";
			productReference = 66EE17521B729EA0008B6743 /* F53OSC Monitor.app */;
			productType = "com.apple.product-type.application";
		};
		66EE17641B729EA0008B6743 /* F53OSC MonitorTests */ = {
			isa = PBXNativeTarget;
			buildConfigurationList = 66EE17721B729EA0008B6743 /* Build configuration list for PBXNativeTarget "F53OSC MonitorTests" */;
			buildPhases = (
				66EE17611B729EA0008B6743 /* Sources */,
				66EE17621B729EA0008B6743 /* Frameworks */,
				66EE17631B729EA0008B6743 /* Resources */,
			);
			buildRules = (
			);
			dependencies = (
				66EE17671B729EA0008B6743 /* PBXTargetDependency */,
			);
			name = "F53OSC MonitorTests";
			productName = "F53OSC MonitorTests";
			productReference = 66EE17651B729EA0008B6743 /* F53OSC MonitorTests.xctest */;
			productType = "com.apple.product-type.bundle.unit-test";
		};
/* End PBXNativeTarget section */

/* Begin PBXProject section */
		66EE174A1B729EA0008B6743 /* Project object */ = {
			isa = PBXProject;
			attributes = {
				LastUpgradeCheck = 0640;
				ORGANIZATIONNAME = "Figure 53";
				TargetAttributes = {
					66EE17511B729EA0008B6743 = {
						CreatedOnToolsVersion = 6.4;
					};
					66EE17641B729EA0008B6743 = {
						CreatedOnToolsVersion = 6.4;
						TestTargetID = 66EE17511B729EA0008B6743;
					};
				};
			};
			buildConfigurationList = 66EE174D1B729EA0008B6743 /* Build configuration list for PBXProject "F53OSC Monitor" */;
			compatibilityVersion = "Xcode 3.2";
			developmentRegion = English;
			hasScannedForEncodings = 0;
			knownRegions = (
				en,
				Base,
			);
			mainGroup = 66EE17491B729EA0008B6743;
			productRefGroup = 66EE17531B729EA0008B6743 /* Products */;
			projectDirPath = "";
			projectRoot = "";
			targets = (
				66EE17511B729EA0008B6743 /* F53OSC Monitor */,
				66EE17641B729EA0008B6743 /* F53OSC MonitorTests */,
			);
		};
/* End PBXProject section */

/* Begin PBXResourcesBuildPhase section */
		66EE17501B729EA0008B6743 /* Resources */ = {
			isa = PBXResourcesBuildPhase;
			buildActionMask = 2147483647;
			files = (
				66AFE4391B79483200985C54 /* ActivityChart.xib in Resources */,
				66EE175D1B729EA0008B6743 /* Images.xcassets in Resources */,
				66EE17601B729EA0008B6743 /* MainMenu.xib in Resources */,
			);
			runOnlyForDeploymentPostprocessing = 0;
		};
		66EE17631B729EA0008B6743 /* Resources */ = {
			isa = PBXResourcesBuildPhase;
			buildActionMask = 2147483647;
			files = (
			);
			runOnlyForDeploymentPostprocessing = 0;
		};
/* End PBXResourcesBuildPhase section */

/* Begin PBXSourcesBuildPhase section */
		66EE174E1B729EA0008B6743 /* Sources */ = {
			isa = PBXSourcesBuildPhase;
			buildActionMask = 2147483647;
			files = (
				66EE17971B729EFB008B6743 /* F53OSCMessage.m in Sources */,
				66EE179F1B729EFB008B6743 /* NSData+F53OSCBlob.m in Sources */,
				66EE175B1B729EA0008B6743 /* main.m in Sources */,
				66EE17591B729EA0008B6743 /* AppDelegate.m in Sources */,
				66EE179A1B729EFB008B6743 /* F53OSCServer.m in Sources */,
				66EE179E1B729EFB008B6743 /* GCDAsyncUdpSocket.m in Sources */,
				66EE17951B729EFB008B6743 /* F53OSCBundle.m in Sources */,
				66EE17A01B729EFB008B6743 /* NSDate+F53OSCTimeTag.m in Sources */,
				66EE17981B729EFB008B6743 /* F53OSCPacket.m in Sources */,
				66EE17A11B729EFB008B6743 /* NSNumber+F53OSCNumber.m in Sources */,
				66AFE43C1B79485100985C54 /* ActivityChartView.m in Sources */,
				66EE17961B729EFB008B6743 /* F53OSCClient.m in Sources */,
				66EE179B1B729EFB008B6743 /* F53OSCSocket.m in Sources */,
				66EE179C1B729EFB008B6743 /* F53OSCTimeTag.m in Sources */,
				66EE17A51B72AC59008B6743 /* DemoServer.m in Sources */,
				66EE179D1B729EFB008B6743 /* GCDAsyncSocket.m in Sources */,
				66EE17991B729EFB008B6743 /* F53OSCParser.m in Sources */,
				66EE17A21B729EFB008B6743 /* NSString+F53OSCString.m in Sources */,
			);
			runOnlyForDeploymentPostprocessing = 0;
		};
		66EE17611B729EA0008B6743 /* Sources */ = {
			isa = PBXSourcesBuildPhase;
			buildActionMask = 2147483647;
			files = (
				66EE176C1B729EA0008B6743 /* F53OSC_MonitorTests.m in Sources */,
			);
			runOnlyForDeploymentPostprocessing = 0;
		};
/* End PBXSourcesBuildPhase section */

/* Begin PBXTargetDependency section */
		66EE17671B729EA0008B6743 /* PBXTargetDependency */ = {
			isa = PBXTargetDependency;
			target = 66EE17511B729EA0008B6743 /* F53OSC Monitor */;
			targetProxy = 66EE17661B729EA0008B6743 /* PBXContainerItemProxy */;
		};
/* End PBXTargetDependency section */

/* Begin PBXVariantGroup section */
		66EE175E1B729EA0008B6743 /* MainMenu.xib */ = {
			isa = PBXVariantGroup;
			children = (
				66EE175F1B729EA0008B6743 /* Base */,
			);
			name = MainMenu.xib;
			sourceTree = "<group>";
		};
/* End PBXVariantGroup section */

/* Begin XCBuildConfiguration section */
		66EE176D1B729EA0008B6743 /* Debug */ = {
			isa = XCBuildConfiguration;
			buildSettings = {
				ALWAYS_SEARCH_USER_PATHS = NO;
				CLANG_CXX_LANGUAGE_STANDARD = "gnu++0x";
				CLANG_CXX_LIBRARY = "libc++";
				CLANG_ENABLE_MODULES = YES;
				CLANG_ENABLE_OBJC_ARC = YES;
				CLANG_WARN_BOOL_CONVERSION = YES;
				CLANG_WARN_CONSTANT_CONVERSION = YES;
				CLANG_WARN_DIRECT_OBJC_ISA_USAGE = YES_ERROR;
				CLANG_WARN_EMPTY_BODY = YES;
				CLANG_WARN_ENUM_CONVERSION = YES;
				CLANG_WARN_INT_CONVERSION = YES;
				CLANG_WARN_OBJC_ROOT_CLASS = YES_ERROR;
				CLANG_WARN_UNREACHABLE_CODE = YES;
				CLANG_WARN__DUPLICATE_METHOD_MATCH = YES;
				CODE_SIGN_IDENTITY = "-";
				COPY_PHASE_STRIP = NO;
				DEBUG_INFORMATION_FORMAT = dwarf;
				ENABLE_STRICT_OBJC_MSGSEND = YES;
				GCC_C_LANGUAGE_STANDARD = gnu99;
				GCC_DYNAMIC_NO_PIC = NO;
				GCC_NO_COMMON_BLOCKS = YES;
				GCC_OPTIMIZATION_LEVEL = 0;
				GCC_PREPROCESSOR_DEFINITIONS = (
					"DEBUG=1",
					"$(inherited)",
				);
				GCC_SYMBOLS_PRIVATE_EXTERN = NO;
				GCC_WARN_64_TO_32_BIT_CONVERSION = YES;
				GCC_WARN_ABOUT_RETURN_TYPE = YES_ERROR;
				GCC_WARN_UNDECLARED_SELECTOR = YES;
				GCC_WARN_UNINITIALIZED_AUTOS = YES_AGGRESSIVE;
				GCC_WARN_UNUSED_FUNCTION = YES;
				GCC_WARN_UNUSED_VARIABLE = YES;
				MACOSX_DEPLOYMENT_TARGET = 10.10;
				MTL_ENABLE_DEBUG_INFO = YES;
				ONLY_ACTIVE_ARCH = YES;
				SDKROOT = macosx;
			};
			name = Debug;
		};
		66EE176E1B729EA0008B6743 /* Release */ = {
			isa = XCBuildConfiguration;
			buildSettings = {
				ALWAYS_SEARCH_USER_PATHS = NO;
				CLANG_CXX_LANGUAGE_STANDARD = "gnu++0x";
				CLANG_CXX_LIBRARY = "libc++";
				CLANG_ENABLE_MODULES = YES;
				CLANG_ENABLE_OBJC_ARC = YES;
				CLANG_WARN_BOOL_CONVERSION = YES;
				CLANG_WARN_CONSTANT_CONVERSION = YES;
				CLANG_WARN_DIRECT_OBJC_ISA_USAGE = YES_ERROR;
				CLANG_WARN_EMPTY_BODY = YES;
				CLANG_WARN_ENUM_CONVERSION = YES;
				CLANG_WARN_INT_CONVERSION = YES;
				CLANG_WARN_OBJC_ROOT_CLASS = YES_ERROR;
				CLANG_WARN_UNREACHABLE_CODE = YES;
				CLANG_WARN__DUPLICATE_METHOD_MATCH = YES;
				CODE_SIGN_IDENTITY = "-";
				COPY_PHASE_STRIP = NO;
				DEBUG_INFORMATION_FORMAT = "dwarf-with-dsym";
				ENABLE_NS_ASSERTIONS = NO;
				ENABLE_STRICT_OBJC_MSGSEND = YES;
				GCC_C_LANGUAGE_STANDARD = gnu99;
				GCC_NO_COMMON_BLOCKS = YES;
				GCC_WARN_64_TO_32_BIT_CONVERSION = YES;
				GCC_WARN_ABOUT_RETURN_TYPE = YES_ERROR;
				GCC_WARN_UNDECLARED_SELECTOR = YES;
				GCC_WARN_UNINITIALIZED_AUTOS = YES_AGGRESSIVE;
				GCC_WARN_UNUSED_FUNCTION = YES;
				GCC_WARN_UNUSED_VARIABLE = YES;
				MACOSX_DEPLOYMENT_TARGET = 10.10;
				MTL_ENABLE_DEBUG_INFO = NO;
				SDKROOT = macosx;
			};
			name = Release;
		};
		66EE17701B729EA0008B6743 /* Debug */ = {
			isa = XCBuildConfiguration;
			buildSettings = {
				ASSETCATALOG_COMPILER_APPICON_NAME = AppIcon;
				COMBINE_HIDPI_IMAGES = YES;
				INFOPLIST_FILE = "F53OSC Monitor/Info.plist";
				LD_RUNPATH_SEARCH_PATHS = "$(inherited) @executable_path/../Frameworks";
				PRODUCT_NAME = "$(TARGET_NAME)";
			};
			name = Debug;
		};
		66EE17711B729EA0008B6743 /* Release */ = {
			isa = XCBuildConfiguration;
			buildSettings = {
				ASSETCATALOG_COMPILER_APPICON_NAME = AppIcon;
				COMBINE_HIDPI_IMAGES = YES;
				INFOPLIST_FILE = "F53OSC Monitor/Info.plist";
				LD_RUNPATH_SEARCH_PATHS = "$(inherited) @executable_path/../Frameworks";
				PRODUCT_NAME = "$(TARGET_NAME)";
			};
			name = Release;
		};
		66EE17731B729EA0008B6743 /* Debug */ = {
			isa = XCBuildConfiguration;
			buildSettings = {
				BUNDLE_LOADER = "$(TEST_HOST)";
				COMBINE_HIDPI_IMAGES = YES;
				FRAMEWORK_SEARCH_PATHS = (
					"$(DEVELOPER_FRAMEWORKS_DIR)",
					"$(inherited)",
				);
				GCC_PREPROCESSOR_DEFINITIONS = (
					"DEBUG=1",
					"$(inherited)",
				);
				INFOPLIST_FILE = "F53OSC MonitorTests/Info.plist";
				LD_RUNPATH_SEARCH_PATHS = "$(inherited) @executable_path/../Frameworks @loader_path/../Frameworks";
				PRODUCT_NAME = "$(TARGET_NAME)";
				TEST_HOST = "$(BUILT_PRODUCTS_DIR)/F53OSC Monitor.app/Contents/MacOS/F53OSC Monitor";
			};
			name = Debug;
		};
		66EE17741B729EA0008B6743 /* Release */ = {
			isa = XCBuildConfiguration;
			buildSettings = {
				BUNDLE_LOADER = "$(TEST_HOST)";
				COMBINE_HIDPI_IMAGES = YES;
				FRAMEWORK_SEARCH_PATHS = (
					"$(DEVELOPER_FRAMEWORKS_DIR)",
					"$(inherited)",
				);
				INFOPLIST_FILE = "F53OSC MonitorTests/Info.plist";
				LD_RUNPATH_SEARCH_PATHS = "$(inherited) @executable_path/../Frameworks @loader_path/../Frameworks";
				PRODUCT_NAME = "$(TARGET_NAME)";
				TEST_HOST = "$(BUILT_PRODUCTS_DIR)/F53OSC Monitor.app/Contents/MacOS/F53OSC Monitor";
			};
			name = Release;
		};
/* End XCBuildConfiguration section */

/* Begin XCConfigurationList section */
		66EE174D1B729EA0008B6743 /* Build configuration list for PBXProject "F53OSC Monitor" */ = {
			isa = XCConfigurationList;
			buildConfigurations = (
				66EE176D1B729EA0008B6743 /* Debug */,
				66EE176E1B729EA0008B6743 /* Release */,
			);
			defaultConfigurationIsVisible = 0;
			defaultConfigurationName = Release;
		};
		66EE176F1B729EA0008B6743 /* Build configuration list for PBXNativeTarget "F53OSC Monitor" */ = {
			isa = XCConfigurationList;
			buildConfigurations = (
				66EE17701B729EA0008B6743 /* Debug */,
				66EE17711B729EA0008B6743 /* Release */,
			);
			defaultConfigurationIsVisible = 0;
			defaultConfigurationName = Release;
		};
		66EE17721B729EA0008B6743 /* Build configuration list for PBXNativeTarget "F53OSC MonitorTests" */ = {
			isa = XCConfigurationList;
			buildConfigurations = (
				66EE17731B729EA0008B6743 /* Debug */,
				66EE17741B729EA0008B6743 /* Release */,
			);
			defaultConfigurationIsVisible = 0;
			defaultConfigurationName = Release;
		};
/* End XCConfigurationList section */
	};
	rootObject = 66EE174A1B729EA0008B6743 /* Project object */;
}
